
Microsoft Visual Studio Solution File, Format Version 12.00
# Visual Studio Version 16
VisualStudioVersion = 25.0.1704.2
MinimumVisualStudioVersion = 10.0.40219.1
Project("{FAE04EC0-301F-11D3-BF4B-00C04F79EFBC}") = "BugTrackerApp", "BugTrackerApp\BugTrackerApp.csproj", "{1F1BD24D-F4A3-45EF-9061-B6D67080D3E7}"
EndProject
Global
	GlobalSection(SolutionConfigurationPlatforms) = preSolution
		Debug|Any CPU = Debug|Any CPU
		Release|Any CPU = Release|Any CPU
	EndGlobalSection
	GlobalSection(ProjectConfigurationPlatforms) = postSolution
		{1F1BD24D-F4A3-45EF-9061-B6D67080D3E7}.Debug|Any CPU.ActiveCfg = Debug|Any CPU
		{1F1BD24D-F4A3-45EF-9061-B6D67080D3E7}.Debug|Any CPU.Build.0 = Debug|Any CPU
		{1F1BD24D-F4A3-45EF-9061-B6D67080D3E7}.Release|Any CPU.ActiveCfg = Release|Any CPU
		{1F1BD24D-F4A3-45EF-9061-B6D67080D3E7}.Release|Any CPU.Build.0 = Release|Any CPU
	EndGlobalSection
	GlobalSection(SolutionProperties) = preSolution
		HideSolutionNode = FALSE
	EndGlobalSection
	GlobalSection(ExtensibilityGlobals) = postSolution
		SolutionGuid = {2A06675E-4C7A-4132-979D-1E68D4A411A9}
	EndGlobalSection
EndGlobal
